// !$*UTF8*$!
{
	archiveVersion = 1;
	classes = {
	};
	objectVersion = 56;
	objects = {

/* Begin PBXBuildFile section */
		A827963429B5BE5F00E5017B /* AppDelegate.swift in Sources */ = {isa = PBXBuildFile; fileRef = A827963329B5BE5F00E5017B /* AppDelegate.swift */; };
		A827963629B5BE5F00E5017B /* SceneDelegate.swift in Sources */ = {isa = PBXBuildFile; fileRef = A827963529B5BE5F00E5017B /* SceneDelegate.swift */; };
		A827963829B5BE5F00E5017B /* ViewController.swift in Sources */ = {isa = PBXBuildFile; fileRef = A827963729B5BE5F00E5017B /* ViewController.swift */; };
		A827963B29B5BE5F00E5017B /* Main.storyboard in Resources */ = {isa = PBXBuildFile; fileRef = A827963929B5BE5F00E5017B /* Main.storyboard */; };
		A827963D29B5BE6000E5017B /* Assets.xcassets in Resources */ = {isa = PBXBuildFile; fileRef = A827963C29B5BE6000E5017B /* Assets.xcassets */; };
		A827964029B5BE6000E5017B /* LaunchScreen.storyboard in Resources */ = {isa = PBXBuildFile; fileRef = A827963E29B5BE6000E5017B /* LaunchScreen.storyboard */; };
		A89BE46229B7A233003F26B4 /* Inter-ExtraBold.otf in Resources */ = {isa = PBXBuildFile; fileRef = A89BE46129B7A233003F26B4 /* Inter-ExtraBold.otf */; };
		A89BE46429B7A269003F26B4 /* Inter-Medium.otf in Resources */ = {isa = PBXBuildFile; fileRef = A89BE46329B7A269003F26B4 /* Inter-Medium.otf */; };
		A89BE46629B7A545003F26B4 /* Inter-SemiBold.otf in Resources */ = {isa = PBXBuildFile; fileRef = A89BE46529B7A545003F26B4 /* Inter-SemiBold.otf */; };
		A89BE46829B7A788003F26B4 /* Inter-Regular.otf in Resources */ = {isa = PBXBuildFile; fileRef = A89BE46729B7A788003F26B4 /* Inter-Regular.otf */; };
/* End PBXBuildFile section */

/* Begin PBXFileReference section */
		A827963029B5BE5F00E5017B /* Launch 2.app */ = {isa = PBXFileReference; explicitFileType = wrapper.application; includeInIndex = 0; path = "Launch 2.app"; sourceTree = BUILT_PRODUCTS_DIR; };
		A827963329B5BE5F00E5017B /* AppDelegate.swift */ = {isa = PBXFileReference; lastKnownFileType = sourcecode.swift; path = AppDelegate.swift; sourceTree = "<group>"; };
		A827963529B5BE5F00E5017B /* SceneDelegate.swift */ = {isa = PBXFileReference; lastKnownFileType = sourcecode.swift; path = SceneDelegate.swift; sourceTree = "<group>"; };
		A827963729B5BE5F00E5017B /* ViewController.swift */ = {isa = PBXFileReference; lastKnownFileType = sourcecode.swift; path = ViewController.swift; sourceTree = "<group>"; };
		A827963A29B5BE5F00E5017B /* Base */ = {isa = PBXFileReference; lastKnownFileType = file.storyboard; name = Base; path = Base.lproj/Main.storyboard; sourceTree = "<group>"; };
		A827963C29B5BE6000E5017B /* Assets.xcassets */ = {isa = PBXFileReference; lastKnownFileType = folder.assetcatalog; path = Assets.xcassets; sourceTree = "<group>"; };
		A827963F29B5BE6000E5017B /* Base */ = {isa = PBXFileReference; lastKnownFileType = file.storyboard; name = Base; path = Base.lproj/LaunchScreen.storyboard; sourceTree = "<group>"; };
		A827964129B5BE6000E5017B /* Info.plist */ = {isa = PBXFileReference; lastKnownFileType = text.plist.xml; path = Info.plist; sourceTree = "<group>"; };
		A89BE46129B7A233003F26B4 /* Inter-ExtraBold.otf */ = {isa = PBXFileReference; lastKnownFileType = file; path = "Inter-ExtraBold.otf"; sourceTree = "<group>"; };
		A89BE46329B7A269003F26B4 /* Inter-Medium.otf */ = {isa = PBXFileReference; lastKnownFileType = file; path = "Inter-Medium.otf"; sourceTree = "<group>"; };
		A89BE46529B7A545003F26B4 /* Inter-SemiBold.otf */ = {isa = PBXFileReference; lastKnownFileType = file; path = "Inter-SemiBold.otf"; sourceTree = "<group>"; };
		A89BE46729B7A788003F26B4 /* Inter-Regular.otf */ = {isa = PBXFileReference; lastKnownFileType = file; path = "Inter-Regular.otf"; sourceTree = "<group>"; };
/* End PBXFileReference section */

/* Begin PBXFrameworksBuildPhase section */
		A827962D29B5BE5F00E5017B /* Frameworks */ = {
			isa = PBXFrameworksBuildPhase;
			buildActionMask = 2147483647;
			files = (
			);
			runOnlyForDeploymentPostprocessing = 0;
		};
/* End PBXFrameworksBuildPhase section */

/* Begin PBXGroup section */
		A827962729B5BE5F00E5017B = {
			isa = PBXGroup;
			children = (
				A827963229B5BE5F00E5017B /* Launch 2 */,
				A827963129B5BE5F00E5017B /* Products */,
			);
			sourceTree = "<group>";
		};
		A827963129B5BE5F00E5017B /* Products */ = {
			isa = PBXGroup;
			children = (
				A827963029B5BE5F00E5017B /* Launch 2.app */,
			);
			name = Products;
			sourceTree = "<group>";
		};
		A827963229B5BE5F00E5017B /* Launch 2 */ = {
			isa = PBXGroup;
			children = (
				A827963329B5BE5F00E5017B /* AppDelegate.swift */,
				A827963529B5BE5F00E5017B /* SceneDelegate.swift */,
				A89BE46029B7A1FB003F26B4 /* Fonts */,
				A827963729B5BE5F00E5017B /* ViewController.swift */,
				A827963929B5BE5F00E5017B /* Main.storyboard */,
				A827963C29B5BE6000E5017B /* Assets.xcassets */,
				A827963E29B5BE6000E5017B /* LaunchScreen.storyboard */,
				A827964129B5BE6000E5017B /* Info.plist */,
			);
			path = "Launch 2";
			sourceTree = "<group>";
		};
		A89BE46029B7A1FB003F26B4 /* Fonts */ = {
			isa = PBXGroup;
			children = (
				A89BE46129B7A233003F26B4 /* Inter-ExtraBold.otf */,
				A89BE46529B7A545003F26B4 /* Inter-SemiBold.otf */,
				A89BE46729B7A788003F26B4 /* Inter-Regular.otf */,
				A89BE46329B7A269003F26B4 /* Inter-Medium.otf */,
			);
			path = Fonts;
			sourceTree = "<group>";
		};
/* End PBXGroup section */

/* Begin PBXNativeTarget section */
		A827962F29B5BE5F00E5017B /* Launch 2 */ = {
			isa = PBXNativeTarget;
			buildConfigurationList = A827964429B5BE6000E5017B /* Build configuration list for PBXNativeTarget "Launch 2" */;
			buildPhases = (
				A827962C29B5BE5F00E5017B /* Sources */,
				A827962D29B5BE5F00E5017B /* Frameworks */,
				A827962E29B5BE5F00E5017B /* Resources */,
			);
			buildRules = (
			);
			dependencies = (
			);
			name = "Launch 2";
			productName = "Launch 2";
			productReference = A827963029B5BE5F00E5017B /* Launch 2.app */;
			productType = "com.apple.product-type.application";
		};
/* End PBXNativeTarget section */

/* Begin PBXProject section */
		A827962829B5BE5F00E5017B /* Project object */ = {
			isa = PBXProject;
			attributes = {
				BuildIndependentTargetsInParallel = 1;
				LastSwiftUpdateCheck = 1420;
				LastUpgradeCheck = 1420;
				TargetAttributes = {
					A827962F29B5BE5F00E5017B = {
						CreatedOnToolsVersion = 14.2;
					};
				};
			};
			buildConfigurationList = A827962B29B5BE5F00E5017B /* Build configuration list for PBXProject "Launch 2" */;
			compatibilityVersion = "Xcode 14.0";
			developmentRegion = en;
			hasScannedForEncodings = 0;
			knownRegions = (
				en,
				Base,
			);
			mainGroup = A827962729B5BE5F00E5017B;
			productRefGroup = A827963129B5BE5F00E5017B /* Products */;
			projectDirPath = "";
			projectRoot = "";
			targets = (
				A827962F29B5BE5F00E5017B /* Launch 2 */,
			);
		};
/* End PBXProject section */

/* Begin PBXResourcesBuildPhase section */
		A827962E29B5BE5F00E5017B /* Resources */ = {
			isa = PBXResourcesBuildPhase;
			buildActionMask = 2147483647;
			files = (
				A827964029B5BE6000E5017B /* LaunchScreen.storyboard in Resources */,
				A827963D29B5BE6000E5017B /* Assets.xcassets in Resources */,
				A89BE46229B7A233003F26B4 /* Inter-ExtraBold.otf in Resources */,
				A89BE46429B7A269003F26B4 /* Inter-Medium.otf in Resources */,
				A89BE46829B7A788003F26B4 /* Inter-Regular.otf in Resources */,
				A827963B29B5BE5F00E5017B /* Main.storyboard in Resources */,
				A89BE46629B7A545003F26B4 /* Inter-SemiBold.otf in Resources */,
			);
			runOnlyForDeploymentPostprocessing = 0;
		};
/* End PBXResourcesBuildPhase section */

/* Begin PBXSourcesBuildPhase section */
		A827962C29B5BE5F00E5017B /* Sources */ = {
			isa = PBXSourcesBuildPhase;
			buildActionMask = 2147483647;
			files = (
				A827963829B5BE5F00E5017B /* ViewController.swift in Sources */,
				A827963429B5BE5F00E5017B /* AppDelegate.swift in Sources */,
				A827963629B5BE5F00E5017B /* SceneDelegate.swift in Sources */,
			);
			runOnlyForDeploymentPostprocessing = 0;
		};
/* End PBXSourcesBuildPhase section */

/* Begin PBXVariantGroup section */
		A827963929B5BE5F00E5017B /* Main.storyboard */ = {
			isa = PBXVariantGroup;
			children = (
				A827963A29B5BE5F00E5017B /* Base */,
			);
			name = Main.storyboard;
			sourceTree = "<group>";
		};
		A827963E29B5BE6000E5017B /* LaunchScreen.storyboard */ = {
			isa = PBXVariantGroup;
			children = (
				A827963F29B5BE6000E5017B /* Base */,
			);
			name = LaunchScreen.storyboard;
			sourceTree = "<group>";
		};
/* End PBXVariantGroup section */

/* Begin XCBuildConfiguration section */
		A827964229B5BE6000E5017B /* Debug */ = {
			isa = XCBuildConfiguration;
			buildSettings = {
				ALWAYS_SEARCH_USER_PATHS = NO;
				CLANG_ANALYZER_NONNULL = YES;
				CLANG_ANALYZER_NUMBER_OBJECT_CONVERSION = YES_AGGRESSIVE;
				CLANG_CXX_LANGUAGE_STANDARD = "gnu++20";
				CLANG_ENABLE_MODULES = YES;
				CLANG_ENABLE_OBJC_ARC = YES;
				CLANG_ENABLE_OBJC_WEAK = YES;
				CLANG_WARN_BLOCK_CAPTURE_AUTORELEASING = YES;
				CLANG_WARN_BOOL_CONVERSION = YES;
				CLANG_WARN_COMMA = YES;
				CLANG_WARN_CONSTANT_CONVERSION = YES;
				CLANG_WARN_DEPRECATED_OBJC_IMPLEMENTATIONS = YES;
				CLANG_WARN_DIRECT_OBJC_ISA_USAGE = YES_ERROR;
				CLANG_WARN_DOCUMENTATION_COMMENTS = YES;
				CLANG_WARN_EMPTY_BODY = YES;
				CLANG_WARN_ENUM_CONVERSION = YES;
				CLANG_WARN_INFINITE_RECURSION = YES;
				CLANG_WARN_INT_CONVERSION = YES;
				CLANG_WARN_NON_LITERAL_NULL_CONVERSION = YES;
				CLANG_WARN_OBJC_IMPLICIT_RETAIN_SELF = YES;
				CLANG_WARN_OBJC_LITERAL_CONVERSION = YES;
				CLANG_WARN_OBJC_ROOT_CLASS = YES_ERROR;
				CLANG_WARN_QUOTED_INCLUDE_IN_FRAMEWORK_HEADER = YES;
				CLANG_WARN_RANGE_LOOP_ANALYSIS = YES;
				CLANG_WARN_STRICT_PROTOTYPES = YES;
				CLANG_WARN_SUSPICIOUS_MOVE = YES;
				CLANG_WARN_UNGUARDED_AVAILABILITY = YES_AGGRESSIVE;
				CLANG_WARN_UNREACHABLE_CODE = YES;
				CLANG_WARN__DUPLICATE_METHOD_MATCH = YES;
				COPY_PHASE_STRIP = NO;
				DEBUG_INFORMATION_FORMAT = dwarf;
				ENABLE_STRICT_OBJC_MSGSEND = YES;
				ENABLE_TESTABILITY = YES;
				GCC_C_LANGUAGE_STANDARD = gnu11;
				GCC_DYNAMIC_NO_PIC = NO;
				GCC_NO_COMMON_BLOCKS = YES;
				GCC_OPTIMIZATION_LEVEL = 0;
				GCC_PREPROCESSOR_DEFINITIONS = (
					"DEBUG=1",
					"$(inherited)",
				);
				GCC_WARN_64_TO_32_BIT_CONVERSION = YES;
				GCC_WARN_ABOUT_RETURN_TYPE = YES_ERROR;
				GCC_WARN_UNDECLARED_SELECTOR = YES;
				GCC_WARN_UNINITIALIZED_AUTOS = YES_AGGRESSIVE;
				GCC_WARN_UNUSED_FUNCTION = YES;
				GCC_WARN_UNUSED_VARIABLE = YES;
				IPHONEOS_DEPLOYMENT_TARGET = 16.2;
				MTL_ENABLE_DEBUG_INFO = INCLUDE_SOURCE;
				MTL_FAST_MATH = YES;
				ONLY_ACTIVE_ARCH = YES;
				SDKROOT = iphoneos;
				SWIFT_ACTIVE_COMPILATION_CONDITIONS = DEBUG;
				SWIFT_OPTIMIZATION_LEVEL = "-Onone";
			};
			name = Debug;
		};
		A827964329B5BE6000E5017B /* Release */ = {
			isa = XCBuildConfiguration;
			buildSettings = {
				ALWAYS_SEARCH_USER_PATHS = NO;
				CLANG_ANALYZER_NONNULL = YES;
				CLANG_ANALYZER_NUMBER_OBJECT_CONVERSION = YES_AGGRESSIVE;
				CLANG_CXX_LANGUAGE_STANDARD = "gnu++20";
				CLANG_ENABLE_MODULES = YES;
				CLANG_ENABLE_OBJC_ARC = YES;
				CLANG_ENABLE_OBJC_WEAK = YES;
				CLANG_WARN_BLOCK_CAPTURE_AUTORELEASING = YES;
				CLANG_WARN_BOOL_CONVERSION = YES;
				CLANG_WARN_COMMA = YES;
				CLANG_WARN_CONSTANT_CONVERSION = YES;
				CLANG_WARN_DEPRECATED_OBJC_IMPLEMENTATIONS = YES;
				CLANG_WARN_DIRECT_OBJC_ISA_USAGE = YES_ERROR;
				CLANG_WARN_DOCUMENTATION_COMMENTS = YES;
				CLANG_WARN_EMPTY_BODY = YES;
				CLANG_WARN_ENUM_CONVERSION = YES;
				CLANG_WARN_INFINITE_RECURSION = YES;
				CLANG_WARN_INT_CONVERSION = YES;
				CLANG_WARN_NON_LITERAL_NULL_CONVERSION = YES;
				CLANG_WARN_OBJC_IMPLICIT_RETAIN_SELF = YES;
				CLANG_WARN_OBJC_LITERAL_CONVERSION = YES;
				CLANG_WARN_OBJC_ROOT_CLASS = YES_ERROR;
				CLANG_WARN_QUOTED_INCLUDE_IN_FRAMEWORK_HEADER = YES;
				CLANG_WARN_RANGE_LOOP_ANALYSIS = YES;
				CLANG_WARN_STRICT_PROTOTYPES = YES;
				CLANG_WARN_SUSPICIOUS_MOVE = YES;
				CLANG_WARN_UNGUARDED_AVAILABILITY = YES_AGGRESSIVE;
				CLANG_WARN_UNREACHABLE_CODE = YES;
				CLANG_WARN__DUPLICATE_METHOD_MATCH = YES;
				COPY_PHASE_STRIP = NO;
				DEBUG_INFORMATION_FORMAT = "dwarf-with-dsym";
				ENABLE_NS_ASSERTIONS = NO;
				ENABLE_STRICT_OBJC_MSGSEND = YES;
				GCC_C_LANGUAGE_STANDARD = gnu11;
				GCC_NO_COMMON_BLOCKS = YES;
				GCC_WARN_64_TO_32_BIT_CONVERSION = YES;
				GCC_WARN_ABOUT_RETURN_TYPE = YES_ERROR;
				GCC_WARN_UNDECLARED_SELECTOR = YES;
				GCC_WARN_UNINITIALIZED_AUTOS = YES_AGGRESSIVE;
				GCC_WARN_UNUSED_FUNCTION = YES;
				GCC_WARN_UNUSED_VARIABLE = YES;
				IPHONEOS_DEPLOYMENT_TARGET = 16.2;
				MTL_ENABLE_DEBUG_INFO = NO;
				MTL_FAST_MATH = YES;
				SDKROOT = iphoneos;
				SWIFT_COMPILATION_MODE = wholemodule;
				SWIFT_OPTIMIZATION_LEVEL = "-O";
				VALIDATE_PRODUCT = YES;
			};
			name = Release;
		};
		A827964529B5BE6000E5017B /* Debug */ = {
			isa = XCBuildConfiguration;
			buildSettings = {
				ASSETCATALOG_COMPILER_APPICON_NAME = AppIcon;
				ASSETCATALOG_COMPILER_GLOBAL_ACCENT_COLOR_NAME = AccentColor;
				CODE_SIGN_STYLE = Automatic;
				CURRENT_PROJECT_VERSION = 1;
				DEVELOPMENT_TEAM = CHYW2NTRQ3;
				GENERATE_INFOPLIST_FILE = YES;
				INFOPLIST_FILE = "Launch 2/Info.plist";
				INFOPLIST_KEY_UIApplicationSupportsIndirectInputEvents = YES;
				INFOPLIST_KEY_UILaunchStoryboardName = LaunchScreen;
				INFOPLIST_KEY_UIMainStoryboardFile = Main;
				INFOPLIST_KEY_UISupportedInterfaceOrientations = UIInterfaceOrientationPortrait;
				INFOPLIST_KEY_UISupportedInterfaceOrientations_iPad = "UIInterfaceOrientationLandscapeLeft UIInterfaceOrientationLandscapeRight UIInterfaceOrientationPortrait UIInterfaceOrientationPortraitUpsideDown";
				IPHONEOS_DEPLOYMENT_TARGET = 15.0;
				LD_RUNPATH_SEARCH_PATHS = (
					"$(inherited)",
					"@executable_path/Frameworks",
				);
				MARKETING_VERSION = 1.0;
				PRODUCT_BUNDLE_IDENTIFIER = "Igor-Solodyankin.Launch-2";
				PRODUCT_NAME = "$(TARGET_NAME)";
				SUPPORTED_PLATFORMS = "iphoneos iphonesimulator";
				SUPPORTS_MACCATALYST = NO;
				SUPPORTS_MAC_DESIGNED_FOR_IPHONE_IPAD = NO;
				SWIFT_EMIT_LOC_STRINGS = YES;
				SWIFT_VERSION = 5.0;
				TARGETED_DEVICE_FAMILY = 1;
			};
			name = Debug;
		};
		A827964629B5BE6000E5017B /* Release */ = {
			isa = XCBuildConfiguration;
			buildSettings = {
				ASSETCATALOG_COMPILER_APPICON_NAME = AppIcon;
				ASSETCATALOG_COMPILER_GLOBAL_ACCENT_COLOR_NAME = AccentColor;
				CODE_SIGN_STYLE = Automatic;
				CURRENT_PROJECT_VERSION = 1;
				DEVELOPMENT_TEAM = CHYW2NTRQ3;
				GENERATE_INFOPLIST_FILE = YES;
				INFOPLIST_FILE = "Launch 2/Info.plist";
				INFOPLIST_KEY_UIApplicationSupportsIndirectInputEvents = YES;
				INFOPLIST_KEY_UILaunchStoryboardName = LaunchScreen;
				INFOPLIST_KEY_UIMainStoryboardFile = Main;
				INFOPLIST_KEY_UISupportedInterfaceOrientations = UIInterfaceOrientationPortrait;
				INFOPLIST_KEY_UISupportedInterfaceOrientations_iPad = "UIInterfaceOrientationLandscapeLeft UIInterfaceOrientationLandscapeRight UIInterfaceOrientationPortrait UIInterfaceOrientationPortraitUpsideDown";
				IPHONEOS_DEPLOYMENT_TARGET = 15.0;
				LD_RUNPATH_SEARCH_PATHS = (
					"$(inherited)",
					"@executable_path/Frameworks",
				);
				MARKETING_VERSION = 1.0;
				PRODUCT_BUNDLE_IDENTIFIER = "Igor-Solodyankin.Launch-2";
				PRODUCT_NAME = "$(TARGET_NAME)";
				SUPPORTED_PLATFORMS = "iphoneos iphonesimulator";
				SUPPORTS_MACCATALYST = NO;
				SUPPORTS_MAC_DESIGNED_FOR_IPHONE_IPAD = NO;
				SWIFT_EMIT_LOC_STRINGS = YES;
				SWIFT_VERSION = 5.0;
				TARGETED_DEVICE_FAMILY = 1;
			};
			name = Release;
		};
/* End XCBuildConfiguration section */

/* Begin XCConfigurationList section */
		A827962B29B5BE5F00E5017B /* Build configuration list for PBXProject "Launch 2" */ = {
			isa = XCConfigurationList;
			buildConfigurations = (
				A827964229B5BE6000E5017B /* Debug */,
				A827964329B5BE6000E5017B /* Release */,
			);
			defaultConfigurationIsVisible = 0;
			defaultConfigurationName = Release;
		};
		A827964429B5BE6000E5017B /* Build configuration list for PBXNativeTarget "Launch 2" */ = {
			isa = XCConfigurationList;
			buildConfigurations = (
				A827964529B5BE6000E5017B /* Debug */,
				A827964629B5BE6000E5017B /* Release */,
			);
			defaultConfigurationIsVisible = 0;
			defaultConfigurationName = Release;
		};
/* End XCConfigurationList section */
	};
	rootObject = A827962829B5BE5F00E5017B /* Project object */;
}
